// !$*UTF8*$!
{
	archiveVersion = 1;
	classes = {
	};
	objectVersion = 56;
	objects = {

/* Begin PBXBuildFile section */
		A54E72862C33647400772899 /* HelloWorldAppApp.swift in Sources */ = {isa = PBXBuildFile; fileRef = A54E72852C33647400772899 /* HelloWorldAppApp.swift */; };
		A54E72882C33647400772899 /* ContentView.swift in Sources */ = {isa = PBXBuildFile; fileRef = A54E72872C33647400772899 /* ContentView.swift */; };
		A54E728A2C33647600772899 /* Assets.xcassets in Resources */ = {isa = PBXBuildFile; fileRef = A54E72892C33647600772899 /* Assets.xcassets */; };
		A54E728E2C33647600772899 /* Preview Assets.xcassets in Resources */ = {isa = PBXBuildFile; fileRef = A54E728D2C33647600772899 /* Preview Assets.xcassets */; };
		A54E72982C33647600772899 /* HelloWorldAppTests.swift in Sources */ = {isa = PBXBuildFile; fileRef = A54E72972C33647600772899 /* HelloWorldAppTests.swift */; };
		A54E72A22C33647600772899 /* HelloWorldAppUITests.swift in Sources */ = {isa = PBXBuildFile; fileRef = A54E72A12C33647600772899 /* HelloWorldAppUITests.swift */; };
		A54E72A42C33647600772899 /* HelloWorldAppUITestsLaunchTests.swift in Sources */ = {isa = PBXBuildFile; fileRef = A54E72A32C33647600772899 /* HelloWorldAppUITestsLaunchTests.swift */; };
		A589773D2C536287004EF11E /* Info.plist in Resources */ = {isa = PBXBuildFile; fileRef = A5E8B7CD2C3748D800A97931 /* Info.plist */; };
/* End PBXBuildFile section */

/* Begin PBXContainerItemProxy section */
		A54E72942C33647600772899 /* PBXContainerItemProxy */ = {
			isa = PBXContainerItemProxy;
			containerPortal = A54E727A2C33647400772899 /* Project object */;
			proxyType = 1;
			remoteGlobalIDString = A54E72812C33647400772899;
			remoteInfo = HelloWorldApp;
		};
		A54E729E2C33647600772899 /* PBXContainerItemProxy */ = {
			isa = PBXContainerItemProxy;
			containerPortal = A54E727A2C33647400772899 /* Project object */;
			proxyType = 1;
			remoteGlobalIDString = A54E72812C33647400772899;
			remoteInfo = HelloWorldApp;
		};
/* End PBXContainerItemProxy section */

/* Begin PBXFileReference section */
		A54E72822C33647400772899 /* CMIApp3.app */ = {isa = PBXFileReference; explicitFileType = wrapper.application; includeInIndex = 0; path = CMIApp3.app; sourceTree = BUILT_PRODUCTS_DIR; };
		A54E72852C33647400772899 /* HelloWorldAppApp.swift */ = {isa = PBXFileReference; lastKnownFileType = sourcecode.swift; path = HelloWorldAppApp.swift; sourceTree = "<group>"; };
		A54E72872C33647400772899 /* ContentView.swift */ = {isa = PBXFileReference; lastKnownFileType = sourcecode.swift; path = ContentView.swift; sourceTree = "<group>"; };
		A54E72892C33647600772899 /* Assets.xcassets */ = {isa = PBXFileReference; lastKnownFileType = folder.assetcatalog; path = Assets.xcassets; sourceTree = "<group>"; };
		A54E728B2C33647600772899 /* HelloWorldApp.entitlements */ = {isa = PBXFileReference; lastKnownFileType = text.plist.entitlements; path = HelloWorldApp.entitlements; sourceTree = "<group>"; };
		A54E728D2C33647600772899 /* Preview Assets.xcassets */ = {isa = PBXFileReference; lastKnownFileType = folder.assetcatalog; path = "Preview Assets.xcassets"; sourceTree = "<group>"; };
		A54E72932C33647600772899 /* CMIApp3Tests.xctest */ = {isa = PBXFileReference; explicitFileType = wrapper.cfbundle; includeInIndex = 0; path = CMIApp3Tests.xctest; sourceTree = BUILT_PRODUCTS_DIR; };
		A54E72972C33647600772899 /* HelloWorldAppTests.swift */ = {isa = PBXFileReference; lastKnownFileType = sourcecode.swift; path = HelloWorldAppTests.swift; sourceTree = "<group>"; };
		A54E729D2C33647600772899 /* CMIApp3UITests.xctest */ = {isa = PBXFileReference; explicitFileType = wrapper.cfbundle; includeInIndex = 0; path = CMIApp3UITests.xctest; sourceTree = BUILT_PRODUCTS_DIR; };
		A54E72A12C33647600772899 /* HelloWorldAppUITests.swift */ = {isa = PBXFileReference; lastKnownFileType = sourcecode.swift; path = HelloWorldAppUITests.swift; sourceTree = "<group>"; };
		A54E72A32C33647600772899 /* HelloWorldAppUITestsLaunchTests.swift */ = {isa = PBXFileReference; lastKnownFileType = sourcecode.swift; path = HelloWorldAppUITestsLaunchTests.swift; sourceTree = "<group>"; };
		A5E8B7CC2C37461300A97931 /* HelloWorldAppRelease.entitlements */ = {isa = PBXFileReference; lastKnownFileType = text.plist.entitlements; path = HelloWorldAppRelease.entitlements; sourceTree = "<group>"; };
		A5E8B7CD2C3748D800A97931 /* Info.plist */ = {isa = PBXFileReference; lastKnownFileType = text.plist.xml; path = Info.plist; sourceTree = "<group>"; };
/* End PBXFileReference section */

/* Begin PBXFrameworksBuildPhase section */
		A54E727F2C33647400772899 /* Frameworks */ = {
			isa = PBXFrameworksBuildPhase;
			buildActionMask = 2147483647;
			files = (
			);
			runOnlyForDeploymentPostprocessing = 0;
		};
		A54E72902C33647600772899 /* Frameworks */ = {
			isa = PBXFrameworksBuildPhase;
			buildActionMask = 2147483647;
			files = (
			);
			runOnlyForDeploymentPostprocessing = 0;
		};
		A54E729A2C33647600772899 /* Frameworks */ = {
			isa = PBXFrameworksBuildPhase;
			buildActionMask = 2147483647;
			files = (
			);
			runOnlyForDeploymentPostprocessing = 0;
		};
/* End PBXFrameworksBuildPhase section */

/* Begin PBXGroup section */
		A54E72792C33647400772899 = {
			isa = PBXGroup;
			children = (
				A54E72842C33647400772899 /* HelloWorldApp */,
				A54E72962C33647600772899 /* HelloWorldAppTests */,
				A54E72A02C33647600772899 /* HelloWorldAppUITests */,
				A54E72832C33647400772899 /* Products */,
			);
			sourceTree = "<group>";
			usesTabs = 0;
		};
		A54E72832C33647400772899 /* Products */ = {
			isa = PBXGroup;
			children = (
				A54E72822C33647400772899 /* CMIApp3.app */,
				A54E72932C33647600772899 /* CMIApp3Tests.xctest */,
				A54E729D2C33647600772899 /* CMIApp3UITests.xctest */,
			);
			name = Products;
			sourceTree = "<group>";
		};
		A54E72842C33647400772899 /* HelloWorldApp */ = {
			isa = PBXGroup;
			children = (
				A5E8B7CC2C37461300A97931 /* HelloWorldAppRelease.entitlements */,
				A54E72852C33647400772899 /* HelloWorldAppApp.swift */,
				A54E72872C33647400772899 /* ContentView.swift */,
				A54E72892C33647600772899 /* Assets.xcassets */,
				A54E728B2C33647600772899 /* HelloWorldApp.entitlements */,
				A54E728C2C33647600772899 /* Preview Content */,
				A5E8B7CD2C3748D800A97931 /* Info.plist */,
			);
			path = HelloWorldApp;
			sourceTree = "<group>";
		};
		A54E728C2C33647600772899 /* Preview Content */ = {
			isa = PBXGroup;
			children = (
				A54E728D2C33647600772899 /* Preview Assets.xcassets */,
			);
			path = "Preview Content";
			sourceTree = "<group>";
		};
		A54E72962C33647600772899 /* HelloWorldAppTests */ = {
			isa = PBXGroup;
			children = (
				A54E72972C33647600772899 /* HelloWorldAppTests.swift */,
			);
			path = HelloWorldAppTests;
			sourceTree = "<group>";
		};
		A54E72A02C33647600772899 /* HelloWorldAppUITests */ = {
			isa = PBXGroup;
			children = (
				A54E72A12C33647600772899 /* HelloWorldAppUITests.swift */,
				A54E72A32C33647600772899 /* HelloWorldAppUITestsLaunchTests.swift */,
			);
			path = HelloWorldAppUITests;
			sourceTree = "<group>";
		};
/* End PBXGroup section */

/* Begin PBXNativeTarget section */
		A54E72812C33647400772899 /* CMIApp3 */ = {
			isa = PBXNativeTarget;
			buildConfigurationList = A54E72A72C33647600772899 /* Build configuration list for PBXNativeTarget "CMIApp3" */;
			buildPhases = (
				A54E727E2C33647400772899 /* Sources */,
				A54E727F2C33647400772899 /* Frameworks */,
				A54E72802C33647400772899 /* Resources */,
				A5E8B7D12C374BF600A97931 /* Run Script */,
			);
			buildRules = (
			);
			dependencies = (
			);
			name = CMIApp3;
			productName = HelloWorldApp;
			productReference = A54E72822C33647400772899 /* CMIApp3.app */;
			productType = "com.apple.product-type.application";
		};
		A54E72922C33647600772899 /* CMIApp3Tests */ = {
			isa = PBXNativeTarget;
			buildConfigurationList = A54E72AA2C33647600772899 /* Build configuration list for PBXNativeTarget "CMIApp3Tests" */;
			buildPhases = (
				A54E728F2C33647600772899 /* Sources */,
				A54E72902C33647600772899 /* Frameworks */,
				A54E72912C33647600772899 /* Resources */,
			);
			buildRules = (
			);
			dependencies = (
				A54E72952C33647600772899 /* PBXTargetDependency */,
			);
			name = CMIApp3Tests;
			productName = HelloWorldAppTests;
			productReference = A54E72932C33647600772899 /* CMIApp3Tests.xctest */;
			productType = "com.apple.product-type.bundle.unit-test";
		};
		A54E729C2C33647600772899 /* CMIApp3UITests */ = {
			isa = PBXNativeTarget;
			buildConfigurationList = A54E72AD2C33647600772899 /* Build configuration list for PBXNativeTarget "CMIApp3UITests" */;
			buildPhases = (
				A54E72992C33647600772899 /* Sources */,
				A54E729A2C33647600772899 /* Frameworks */,
				A54E729B2C33647600772899 /* Resources */,
			);
			buildRules = (
			);
			dependencies = (
				A54E729F2C33647600772899 /* PBXTargetDependency */,
			);
			name = CMIApp3UITests;
			productName = HelloWorldAppUITests;
			productReference = A54E729D2C33647600772899 /* CMIApp3UITests.xctest */;
			productType = "com.apple.product-type.bundle.ui-testing";
		};
/* End PBXNativeTarget section */

/* Begin PBXProject section */
		A54E727A2C33647400772899 /* Project object */ = {
			isa = PBXProject;
			attributes = {
				BuildIndependentTargetsInParallel = 1;
				LastSwiftUpdateCheck = 1540;
				LastUpgradeCheck = 1540;
				ORGANIZATIONNAME = MIOKLLC;
				TargetAttributes = {
					A54E72812C33647400772899 = {
						CreatedOnToolsVersion = 15.4;
					};
					A54E72922C33647600772899 = {
						CreatedOnToolsVersion = 15.4;
						TestTargetID = A54E72812C33647400772899;
					};
					A54E729C2C33647600772899 = {
						CreatedOnToolsVersion = 15.4;
						TestTargetID = A54E72812C33647400772899;
					};
				};
			};
			buildConfigurationList = A54E727D2C33647400772899 /* Build configuration list for PBXProject "CMIApp3" */;
			compatibilityVersion = "Xcode 14.0";
			developmentRegion = en;
			hasScannedForEncodings = 0;
			knownRegions = (
				en,
				Base,
			);
			mainGroup = A54E72792C33647400772899;
			productRefGroup = A54E72832C33647400772899 /* Products */;
			projectDirPath = "";
			projectRoot = "";
			targets = (
				A54E72812C33647400772899 /* CMIApp3 */,
				A54E72922C33647600772899 /* CMIApp3Tests */,
				A54E729C2C33647600772899 /* CMIApp3UITests */,
			);
		};
/* End PBXProject section */

/* Begin PBXResourcesBuildPhase section */
		A54E72802C33647400772899 /* Resources */ = {
			isa = PBXResourcesBuildPhase;
			buildActionMask = 2147483647;
			files = (
				A589773D2C536287004EF11E /* Info.plist in Resources */,
				A54E728E2C33647600772899 /* Preview Assets.xcassets in Resources */,
				A54E728A2C33647600772899 /* Assets.xcassets in Resources */,
			);
			runOnlyForDeploymentPostprocessing = 0;
		};
		A54E72912C33647600772899 /* Resources */ = {
			isa = PBXResourcesBuildPhase;
			buildActionMask = 2147483647;
			files = (
			);
			runOnlyForDeploymentPostprocessing = 0;
		};
		A54E729B2C33647600772899 /* Resources */ = {
			isa = PBXResourcesBuildPhase;
			buildActionMask = 2147483647;
			files = (
			);
			runOnlyForDeploymentPostprocessing = 0;
		};
/* End PBXResourcesBuildPhase section */

/* Begin PBXShellScriptBuildPhase section */
		A5E8B7D12C374BF600A97931 /* Run Script */ = {
			isa = PBXShellScriptBuildPhase;
			buildActionMask = 2147483647;
			files = (
			);
			inputFileListPaths = (
			);
			inputPaths = (
			);
			name = "Run Script";
			outputFileListPaths = (
			);
			outputPaths = (
			);
			runOnlyForDeploymentPostprocessing = 0;
			shellPath = /bin/sh;
			shellScript = "
";
		};
/* End PBXShellScriptBuildPhase section */

/* Begin PBXSourcesBuildPhase section */
		A54E727E2C33647400772899 /* Sources */ = {
			isa = PBXSourcesBuildPhase;
			buildActionMask = 2147483647;
			files = (
				A54E72882C33647400772899 /* ContentView.swift in Sources */,
				A54E72862C33647400772899 /* HelloWorldAppApp.swift in Sources */,
			);
			runOnlyForDeploymentPostprocessing = 0;
		};
		A54E728F2C33647600772899 /* Sources */ = {
			isa = PBXSourcesBuildPhase;
			buildActionMask = 2147483647;
			files = (
				A54E72982C33647600772899 /* HelloWorldAppTests.swift in Sources */,
			);
			runOnlyForDeploymentPostprocessing = 0;
		};
		A54E72992C33647600772899 /* Sources */ = {
			isa = PBXSourcesBuildPhase;
			buildActionMask = 2147483647;
			files = (
				A54E72A42C33647600772899 /* HelloWorldAppUITestsLaunchTests.swift in Sources */,
				A54E72A22C33647600772899 /* HelloWorldAppUITests.swift in Sources */,
			);
			runOnlyForDeploymentPostprocessing = 0;
		};
/* End PBXSourcesBuildPhase section */

/* Begin PBXTargetDependency section */
		A54E72952C33647600772899 /* PBXTargetDependency */ = {
			isa = PBXTargetDependency;
			target = A54E72812C33647400772899 /* CMIApp3 */;
			targetProxy = A54E72942C33647600772899 /* PBXContainerItemProxy */;
		};
		A54E729F2C33647600772899 /* PBXTargetDependency */ = {
			isa = PBXTargetDependency;
			target = A54E72812C33647400772899 /* CMIApp3 */;
			targetProxy = A54E729E2C33647600772899 /* PBXContainerItemProxy */;
		};
/* End PBXTargetDependency section */

/* Begin XCBuildConfiguration section */
		A54E72A52C33647600772899 /* Debug */ = {
			isa = XCBuildConfiguration;
			buildSettings = {
				ALWAYS_SEARCH_USER_PATHS = NO;
				ASSETCATALOG_COMPILER_GENERATE_SWIFT_ASSET_SYMBOL_EXTENSIONS = YES;
				CLANG_ANALYZER_NONNULL = YES;
				CLANG_ANALYZER_NUMBER_OBJECT_CONVERSION = YES_AGGRESSIVE;
				CLANG_CXX_LANGUAGE_STANDARD = "gnu++20";
				CLANG_ENABLE_MODULES = YES;
				CLANG_ENABLE_OBJC_ARC = YES;
				CLANG_ENABLE_OBJC_WEAK = YES;
				CLANG_WARN_BLOCK_CAPTURE_AUTORELEASING = YES;
				CLANG_WARN_BOOL_CONVERSION = YES;
				CLANG_WARN_COMMA = YES;
				CLANG_WARN_CONSTANT_CONVERSION = YES;
				CLANG_WARN_DEPRECATED_OBJC_IMPLEMENTATIONS = YES;
				CLANG_WARN_DIRECT_OBJC_ISA_USAGE = YES_ERROR;
				CLANG_WARN_DOCUMENTATION_COMMENTS = YES;
				CLANG_WARN_EMPTY_BODY = YES;
				CLANG_WARN_ENUM_CONVERSION = YES;
				CLANG_WARN_INFINITE_RECURSION = YES;
				CLANG_WARN_INT_CONVERSION = YES;
				CLANG_WARN_NON_LITERAL_NULL_CONVERSION = YES;
				CLANG_WARN_OBJC_IMPLICIT_RETAIN_SELF = YES;
				CLANG_WARN_OBJC_LITERAL_CONVERSION = YES;
				CLANG_WARN_OBJC_ROOT_CLASS = YES_ERROR;
				CLANG_WARN_QUOTED_INCLUDE_IN_FRAMEWORK_HEADER = YES;
				CLANG_WARN_RANGE_LOOP_ANALYSIS = YES;
				CLANG_WARN_STRICT_PROTOTYPES = YES;
				CLANG_WARN_SUSPICIOUS_MOVE = YES;
				CLANG_WARN_UNGUARDED_AVAILABILITY = YES_AGGRESSIVE;
				CLANG_WARN_UNREACHABLE_CODE = YES;
				CLANG_WARN__DUPLICATE_METHOD_MATCH = YES;
				COPY_PHASE_STRIP = NO;
				DEBUG_INFORMATION_FORMAT = dwarf;
				ENABLE_STRICT_OBJC_MSGSEND = YES;
				ENABLE_TESTABILITY = YES;
				ENABLE_USER_SCRIPT_SANDBOXING = YES;
				GCC_C_LANGUAGE_STANDARD = gnu17;
				GCC_DYNAMIC_NO_PIC = NO;
				GCC_NO_COMMON_BLOCKS = YES;
				GCC_OPTIMIZATION_LEVEL = 0;
				GCC_PREPROCESSOR_DEFINITIONS = (
					"DEBUG=1",
					"$(inherited)",
				);
				GCC_WARN_64_TO_32_BIT_CONVERSION = YES;
				GCC_WARN_ABOUT_RETURN_TYPE = YES_ERROR;
				GCC_WARN_UNDECLARED_SELECTOR = YES;
				GCC_WARN_UNINITIALIZED_AUTOS = YES_AGGRESSIVE;
				GCC_WARN_UNUSED_FUNCTION = YES;
				GCC_WARN_UNUSED_VARIABLE = YES;
				LOCALIZATION_PREFERS_STRING_CATALOGS = YES;
				MTL_ENABLE_DEBUG_INFO = INCLUDE_SOURCE;
				MTL_FAST_MATH = YES;
				ONLY_ACTIVE_ARCH = YES;
				SWIFT_ACTIVE_COMPILATION_CONDITIONS = "DEBUG $(inherited)";
				SWIFT_OPTIMIZATION_LEVEL = "-Onone";
			};
			name = Debug;
		};
		A54E72A62C33647600772899 /* Release */ = {
			isa = XCBuildConfiguration;
			buildSettings = {
				ALWAYS_SEARCH_USER_PATHS = NO;
				ASSETCATALOG_COMPILER_GENERATE_SWIFT_ASSET_SYMBOL_EXTENSIONS = YES;
				CLANG_ANALYZER_NONNULL = YES;
				CLANG_ANALYZER_NUMBER_OBJECT_CONVERSION = YES_AGGRESSIVE;
				CLANG_CXX_LANGUAGE_STANDARD = "gnu++20";
				CLANG_ENABLE_MODULES = YES;
				CLANG_ENABLE_OBJC_ARC = YES;
				CLANG_ENABLE_OBJC_WEAK = YES;
				CLANG_WARN_BLOCK_CAPTURE_AUTORELEASING = YES;
				CLANG_WARN_BOOL_CONVERSION = YES;
				CLANG_WARN_COMMA = YES;
				CLANG_WARN_CONSTANT_CONVERSION = YES;
				CLANG_WARN_DEPRECATED_OBJC_IMPLEMENTATIONS = YES;
				CLANG_WARN_DIRECT_OBJC_ISA_USAGE = YES_ERROR;
				CLANG_WARN_DOCUMENTATION_COMMENTS = YES;
				CLANG_WARN_EMPTY_BODY = YES;
				CLANG_WARN_ENUM_CONVERSION = YES;
				CLANG_WARN_INFINITE_RECURSION = YES;
				CLANG_WARN_INT_CONVERSION = YES;
				CLANG_WARN_NON_LITERAL_NULL_CONVERSION = YES;
				CLANG_WARN_OBJC_IMPLICIT_RETAIN_SELF = YES;
				CLANG_WARN_OBJC_LITERAL_CONVERSION = YES;
				CLANG_WARN_OBJC_ROOT_CLASS = YES_ERROR;
				CLANG_WARN_QUOTED_INCLUDE_IN_FRAMEWORK_HEADER = YES;
				CLANG_WARN_RANGE_LOOP_ANALYSIS = YES;
				CLANG_WARN_STRICT_PROTOTYPES = YES;
				CLANG_WARN_SUSPICIOUS_MOVE = YES;
				CLANG_WARN_UNGUARDED_AVAILABILITY = YES_AGGRESSIVE;
				CLANG_WARN_UNREACHABLE_CODE = YES;
				CLANG_WARN__DUPLICATE_METHOD_MATCH = YES;
				COPY_PHASE_STRIP = NO;
				DEBUG_INFORMATION_FORMAT = "dwarf-with-dsym";
				ENABLE_NS_ASSERTIONS = NO;
				ENABLE_STRICT_OBJC_MSGSEND = YES;
				ENABLE_USER_SCRIPT_SANDBOXING = YES;
				GCC_C_LANGUAGE_STANDARD = gnu17;
				GCC_NO_COMMON_BLOCKS = YES;
				GCC_WARN_64_TO_32_BIT_CONVERSION = YES;
				GCC_WARN_ABOUT_RETURN_TYPE = YES_ERROR;
				GCC_WARN_UNDECLARED_SELECTOR = YES;
				GCC_WARN_UNINITIALIZED_AUTOS = YES_AGGRESSIVE;
				GCC_WARN_UNUSED_FUNCTION = YES;
				GCC_WARN_UNUSED_VARIABLE = YES;
				LOCALIZATION_PREFERS_STRING_CATALOGS = YES;
				MTL_ENABLE_DEBUG_INFO = NO;
				MTL_FAST_MATH = YES;
				SWIFT_COMPILATION_MODE = wholemodule;
			};
			name = Release;
		};
		A54E72A82C33647600772899 /* Debug */ = {
			isa = XCBuildConfiguration;
			buildSettings = {
				ASSETCATALOG_COMPILER_APPICON_NAME = AppIcon;
				ASSETCATALOG_COMPILER_GLOBAL_ACCENT_COLOR_NAME = AccentColor;
				CODE_SIGN_ENTITLEMENTS = HelloWorldApp/HelloWorldApp.entitlements;
				CODE_SIGN_IDENTITY = "Apple Development";
				CODE_SIGN_STYLE = Automatic;
				CURRENT_PROJECT_VERSION = 1;
				DEVELOPMENT_ASSET_PATHS = "\"HelloWorldApp/Preview Content\"";
				DEVELOPMENT_TEAM = 6H2CM2737Q;
				ENABLE_PREVIEWS = YES;
				GENERATE_INFOPLIST_FILE = YES;
				INFOPLIST_KEY_CFBundleDisplayName = CMIApp;
				INFOPLIST_KEY_LSApplicationCategoryType = "public.app-category.business";
				"INFOPLIST_KEY_UIApplicationSceneManifest_Generation[sdk=iphoneos*]" = YES;
				"INFOPLIST_KEY_UIApplicationSceneManifest_Generation[sdk=iphonesimulator*]" = YES;
				"INFOPLIST_KEY_UIApplicationSupportsIndirectInputEvents[sdk=iphoneos*]" = YES;
				"INFOPLIST_KEY_UIApplicationSupportsIndirectInputEvents[sdk=iphonesimulator*]" = YES;
				INFOPLIST_KEY_UILaunchScreen_Generation = YES;
				"INFOPLIST_KEY_UILaunchScreen_Generation[sdk=iphoneos*]" = YES;
				"INFOPLIST_KEY_UILaunchScreen_Generation[sdk=iphonesimulator*]" = YES;
				"INFOPLIST_KEY_UIStatusBarStyle[sdk=iphoneos*]" = UIStatusBarStyleDefault;
				"INFOPLIST_KEY_UIStatusBarStyle[sdk=iphonesimulator*]" = UIStatusBarStyleDefault;
				INFOPLIST_KEY_UISupportedInterfaceOrientations_iPad = "UIInterfaceOrientationPortrait UIInterfaceOrientationPortraitUpsideDown UIInterfaceOrientationLandscapeLeft UIInterfaceOrientationLandscapeRight";
				INFOPLIST_KEY_UISupportedInterfaceOrientations_iPhone = "UIInterfaceOrientationPortrait UIInterfaceOrientationLandscapeLeft UIInterfaceOrientationLandscapeRight";
				INFOPLIST_KEY_WKRunsIndependentlyOfCompanionApp = YES;
				IPHONEOS_DEPLOYMENT_TARGET = 17.5;
				LD_RUNPATH_SEARCH_PATHS = "@executable_path/Frameworks";
				"LD_RUNPATH_SEARCH_PATHS[sdk=macosx*]" = "@executable_path/../Frameworks";
				MACOSX_DEPLOYMENT_TARGET = 14.5;
				MARKETING_VERSION = 1.0;
				PRODUCT_BUNDLE_IDENTIFIER = MIOKLLC.HelloWorldApp;
				PRODUCT_NAME = "$(TARGET_NAME)";
				PROVISIONING_PROFILE_SPECIFIER = "";
				SDKROOT = auto;
				SUPPORTED_PLATFORMS = "iphoneos iphonesimulator macosx";
				SWIFT_EMIT_LOC_STRINGS = YES;
				SWIFT_VERSION = 5.0;
				TARGETED_DEVICE_FAMILY = "1,2";
			};
			name = Debug;
		};
		A54E72A92C33647600772899 /* Release */ = {
			isa = XCBuildConfiguration;
			buildSettings = {
				ASSETCATALOG_COMPILER_APPICON_NAME = AppIcon;
				ASSETCATALOG_COMPILER_GLOBAL_ACCENT_COLOR_NAME = AccentColor;
				CODE_SIGN_ENTITLEMENTS = HelloWorldApp/HelloWorldAppRelease.entitlements;
				CODE_SIGN_IDENTITY = "Apple Development";
				CODE_SIGN_STYLE = Automatic;
				CURRENT_PROJECT_VERSION = 1;
				DEVELOPMENT_ASSET_PATHS = "\"HelloWorldApp/Preview Content\"";
				DEVELOPMENT_TEAM = 6H2CM2737Q;
				ENABLE_PREVIEWS = YES;
				GENERATE_INFOPLIST_FILE = YES;
				INFOPLIST_KEY_CFBundleDisplayName = CMIApp;
				INFOPLIST_KEY_LSApplicationCategoryType = "public.app-category.business";
				"INFOPLIST_KEY_UIApplicationSceneManifest_Generation[sdk=iphoneos*]" = YES;
				"INFOPLIST_KEY_UIApplicationSceneManifest_Generation[sdk=iphonesimulator*]" = YES;
				"INFOPLIST_KEY_UIApplicationSupportsIndirectInputEvents[sdk=iphoneos*]" = YES;
				"INFOPLIST_KEY_UIApplicationSupportsIndirectInputEvents[sdk=iphonesimulator*]" = YES;
				INFOPLIST_KEY_UILaunchScreen_Generation = YES;
				"INFOPLIST_KEY_UILaunchScreen_Generation[sdk=iphoneos*]" = YES;
				"INFOPLIST_KEY_UILaunchScreen_Generation[sdk=iphonesimulator*]" = YES;
				"INFOPLIST_KEY_UIStatusBarStyle[sdk=iphoneos*]" = UIStatusBarStyleDefault;
				"INFOPLIST_KEY_UIStatusBarStyle[sdk=iphonesimulator*]" = UIStatusBarStyleDefault;
				INFOPLIST_KEY_UISupportedInterfaceOrientations_iPad = "UIInterfaceOrientationPortrait UIInterfaceOrientationPortraitUpsideDown UIInterfaceOrientationLandscapeLeft UIInterfaceOrientationLandscapeRight";
				INFOPLIST_KEY_UISupportedInterfaceOrientations_iPhone = "UIInterfaceOrientationPortrait UIInterfaceOrientationLandscapeLeft UIInterfaceOrientationLandscapeRight";
				INFOPLIST_KEY_WKRunsIndependentlyOfCompanionApp = YES;
				IPHONEOS_DEPLOYMENT_TARGET = 17.5;
				LD_RUNPATH_SEARCH_PATHS = "@executable_path/Frameworks";
				"LD_RUNPATH_SEARCH_PATHS[sdk=macosx*]" = "@executable_path/../Frameworks";
				MACOSX_DEPLOYMENT_TARGET = 14.5;
				MARKETING_VERSION = 1.0;
				PRODUCT_BUNDLE_IDENTIFIER = MIOKLLC.HelloWorldApp;
				PRODUCT_NAME = "$(TARGET_NAME)";
				PROVISIONING_PROFILE_SPECIFIER = "";
				SDKROOT = auto;
				SUPPORTED_PLATFORMS = "iphoneos iphonesimulator macosx";
				SWIFT_EMIT_LOC_STRINGS = YES;
				SWIFT_VERSION = 5.0;
				TARGETED_DEVICE_FAMILY = "1,2";
			};
			name = Release;
		};
		A54E72AB2C33647600772899 /* Debug */ = {
			isa = XCBuildConfiguration;
			buildSettings = {
				ALWAYS_EMBED_SWIFT_STANDARD_LIBRARIES = YES;
				BUNDLE_LOADER = "$(TEST_HOST)";
				CODE_SIGN_STYLE = Automatic;
				CURRENT_PROJECT_VERSION = 1;
				GENERATE_INFOPLIST_FILE = YES;
				IPHONEOS_DEPLOYMENT_TARGET = 17.5;
				MACOSX_DEPLOYMENT_TARGET = 14.5;
				MARKETING_VERSION = 1.0;
				PRODUCT_BUNDLE_IDENTIFIER = MIOKLLC.HelloWorldAppTests;
				PRODUCT_NAME = "$(TARGET_NAME)";
				SDKROOT = auto;
				SUPPORTED_PLATFORMS = "iphoneos iphonesimulator macosx";
				SWIFT_EMIT_LOC_STRINGS = NO;
				SWIFT_VERSION = 5.0;
				TARGETED_DEVICE_FAMILY = "1,2";
				TEST_HOST = "$(BUILT_PRODUCTS_DIR)/CMIApp3.app/$(BUNDLE_EXECUTABLE_FOLDER_PATH)/CMIApp3";
			};
			name = Debug;
		};
		A54E72AC2C33647600772899 /* Release */ = {
			isa = XCBuildConfiguration;
			buildSettings = {
				ALWAYS_EMBED_SWIFT_STANDARD_LIBRARIES = YES;
				BUNDLE_LOADER = "$(TEST_HOST)";
				CODE_SIGN_STYLE = Automatic;
				CURRENT_PROJECT_VERSION = 1;
				DEVELOPMENT_TEAM = 6H2CM2737Q;
				GENERATE_INFOPLIST_FILE = YES;
				IPHONEOS_DEPLOYMENT_TARGET = 17.5;
				MACOSX_DEPLOYMENT_TARGET = 14.5;
				MARKETING_VERSION = 1.0;
				PRODUCT_BUNDLE_IDENTIFIER = MIOKLLC.HelloWorldAppTests;
				PRODUCT_NAME = "$(TARGET_NAME)";
				SDKROOT = auto;
				SUPPORTED_PLATFORMS = "iphoneos iphonesimulator macosx";
				SWIFT_EMIT_LOC_STRINGS = NO;
				SWIFT_VERSION = 5.0;
				TARGETED_DEVICE_FAMILY = "1,2";
				TEST_HOST = "$(BUILT_PRODUCTS_DIR)/CMIApp3.app/$(BUNDLE_EXECUTABLE_FOLDER_PATH)/CMIApp3";
			};
			name = Release;
		};
		A54E72AE2C33647600772899 /* Debug */ = {
			isa = XCBuildConfiguration;
			buildSettings = {
				ALWAYS_EMBED_SWIFT_STANDARD_LIBRARIES = YES;
				CODE_SIGN_STYLE = Automatic;
				CURRENT_PROJECT_VERSION = 1;
				GENERATE_INFOPLIST_FILE = YES;
				IPHONEOS_DEPLOYMENT_TARGET = 17.5;
				MACOSX_DEPLOYMENT_TARGET = 14.5;
				MARKETING_VERSION = 1.0;
				PRODUCT_BUNDLE_IDENTIFIER = MIOKLLC.HelloWorldAppUITests;
				PRODUCT_NAME = "$(TARGET_NAME)";
				SDKROOT = auto;
				SUPPORTED_PLATFORMS = "iphoneos iphonesimulator macosx";
				SWIFT_EMIT_LOC_STRINGS = NO;
				SWIFT_VERSION = 5.0;
				TARGETED_DEVICE_FAMILY = "1,2";
				TEST_TARGET_NAME = HelloWorldApp;
			};
			name = Debug;
		};
		A54E72AF2C33647600772899 /* Release */ = {
			isa = XCBuildConfiguration;
			buildSettings = {
				ALWAYS_EMBED_SWIFT_STANDARD_LIBRARIES = YES;
				CODE_SIGN_STYLE = Automatic;
				CURRENT_PROJECT_VERSION = 1;
				GENERATE_INFOPLIST_FILE = YES;
				IPHONEOS_DEPLOYMENT_TARGET = 17.5;
				MACOSX_DEPLOYMENT_TARGET = 14.5;
				MARKETING_VERSION = 1.0;
				PRODUCT_BUNDLE_IDENTIFIER = MIOKLLC.HelloWorldAppUITests;
				PRODUCT_NAME = "$(TARGET_NAME)";
				SDKROOT = auto;
				SUPPORTED_PLATFORMS = "iphoneos iphonesimulator macosx";
				SWIFT_EMIT_LOC_STRINGS = NO;
				SWIFT_VERSION = 5.0;
				TARGETED_DEVICE_FAMILY = "1,2";
				TEST_TARGET_NAME = HelloWorldApp;
			};
			name = Release;
		};
/* End XCBuildConfiguration section */

/* Begin XCConfigurationList section */
		A54E727D2C33647400772899 /* Build configuration list for PBXProject "CMIApp3" */ = {
			isa = XCConfigurationList;
			buildConfigurations = (
				A54E72A52C33647600772899 /* Debug */,
				A54E72A62C33647600772899 /* Release */,
			);
			defaultConfigurationIsVisible = 0;
			defaultConfigurationName = Release;
		};
		A54E72A72C33647600772899 /* Build configuration list for PBXNativeTarget "CMIApp3" */ = {
			isa = XCConfigurationList;
			buildConfigurations = (
				A54E72A82C33647600772899 /* Debug */,
				A54E72A92C33647600772899 /* Release */,
			);
			defaultConfigurationIsVisible = 0;
			defaultConfigurationName = Release;
		};
		A54E72AA2C33647600772899 /* Build configuration list for PBXNativeTarget "CMIApp3Tests" */ = {
			isa = XCConfigurationList;
			buildConfigurations = (
				A54E72AB2C33647600772899 /* Debug */,
				A54E72AC2C33647600772899 /* Release */,
			);
			defaultConfigurationIsVisible = 0;
			defaultConfigurationName = Release;
		};
		A54E72AD2C33647600772899 /* Build configuration list for PBXNativeTarget "CMIApp3UITests" */ = {
			isa = XCConfigurationList;
			buildConfigurations = (
				A54E72AE2C33647600772899 /* Debug */,
				A54E72AF2C33647600772899 /* Release */,
			);
			defaultConfigurationIsVisible = 0;
			defaultConfigurationName = Release;
		};
/* End XCConfigurationList section */
	};
	rootObject = A54E727A2C33647400772899 /* Project object */;
}
